
Microsoft Visual Studio Solution File, Format Version 12.00
# Visual Studio 2013
VisualStudioVersion = 12.0.40629.0
MinimumVisualStudioVersion = 10.0.40219.1
Project("{FAE04EC0-301F-11D3-BF4B-00C04F79EFBC}") = "command_asc", "command_asc\command_asc.csproj", "{35856BDC-8278-4F0B-A446-11C49D0EBDCC}"
EndProject
Global
	GlobalSection(SolutionConfigurationPlatforms) = preSolution
		Debug|Any CPU = Debug|Any CPU
		Release|Any CPU = Release|Any CPU
	EndGlobalSection
	GlobalSection(ProjectConfigurationPlatforms) = postSolution
		{35856BDC-8278-4F0B-A446-11C49D0EBDCC}.Debug|Any CPU.ActiveCfg = Debug|Any CPU
		{35856BDC-8278-4F0B-A446-11C49D0EBDCC}.Debug|Any CPU.Build.0 = Debug|Any CPU
		{35856BDC-8278-4F0B-A446-11C49D0EBDCC}.Debug|Any CPU.Deploy.0 = Debug|Any CPU
		{35856BDC-8278-4F0B-A446-11C49D0EBDCC}.Release|Any CPU.ActiveCfg = Release|Any CPU
		{35856BDC-8278-4F0B-A446-11C49D0EBDCC}.Release|Any CPU.Build.0 = Release|Any CPU
		{35856BDC-8278-4F0B-A446-11C49D0EBDCC}.Release|Any CPU.Deploy.0 = Release|Any CPU
	EndGlobalSection
	GlobalSection(SolutionProperties) = preSolution
		HideSolutionNode = FALSE
	EndGlobalSection
EndGlobal
