
Microsoft Visual Studio Solution File, Format Version 12.00
# Visual Studio 2013
VisualStudioVersion = 12.0.40629.0
MinimumVisualStudioVersion = 10.0.40219.1
Project("{FAE04EC0-301F-11D3-BF4B-00C04F79EFBC}") = "ascenseur_prog", "ascenseur_prog\ascenseur_prog.csproj", "{09BDE37B-A210-4D9B-B1E9-AA45408D9FFB}"
EndProject
Global
	GlobalSection(SolutionConfigurationPlatforms) = preSolution
		Debug|Any CPU = Debug|Any CPU
		Release|Any CPU = Release|Any CPU
	EndGlobalSection
	GlobalSection(ProjectConfigurationPlatforms) = postSolution
		{09BDE37B-A210-4D9B-B1E9-AA45408D9FFB}.Debug|Any CPU.ActiveCfg = Debug|Any CPU
		{09BDE37B-A210-4D9B-B1E9-AA45408D9FFB}.Debug|Any CPU.Build.0 = Debug|Any CPU
		{09BDE37B-A210-4D9B-B1E9-AA45408D9FFB}.Debug|Any CPU.Deploy.0 = Debug|Any CPU
		{09BDE37B-A210-4D9B-B1E9-AA45408D9FFB}.Release|Any CPU.ActiveCfg = Release|Any CPU
		{09BDE37B-A210-4D9B-B1E9-AA45408D9FFB}.Release|Any CPU.Build.0 = Release|Any CPU
		{09BDE37B-A210-4D9B-B1E9-AA45408D9FFB}.Release|Any CPU.Deploy.0 = Release|Any CPU
	EndGlobalSection
	GlobalSection(SolutionProperties) = preSolution
		HideSolutionNode = FALSE
	EndGlobalSection
EndGlobal
